
Microsoft Visual Studio Solution File, Format Version 12.00
# Visual Studio Version 16
VisualStudioVersion = 16.0.30011.22
MinimumVisualStudioVersion = 10.0.40219.1
Project("{9A19103F-16F7-4668-BE54-9A1E7A4F7556}") = "codegen", "src\codegen\codegen.csproj", "{C069B302-612A-4F76-9185-F46163AA4B19}"
EndProject
Project("{2150E333-8FDC-42A3-9474-1A3956D46DE8}") = "src", "src", "{8D403989-3E83-4B42-9685-00B8EA9BCAE7}"
EndProject
Project("{2150E333-8FDC-42A3-9474-1A3956D46DE8}") = "templates", "templates", "{98C3FE04-05E7-42B8-BC66-41FD970B4BD4}"
	ProjectSection(SolutionItems) = preProject
		templates\api.json = templates\api.json
	EndProjectSection
EndProject
Project("{2150E333-8FDC-42A3-9474-1A3956D46DE8}") = "_Solution Items", "_Solution Items", "{7CE42257-157D-453D-9E3E-8EF7B0129D39}"
	ProjectSection(SolutionItems) = preProject
		.gitattributes = .gitattributes
		.gitignore = .gitignore
		LICENSE = LICENSE
		README.md = README.md
	EndProjectSection
EndProject
Project("{2150E333-8FDC-42A3-9474-1A3956D46DE8}") = "Repositories", "Repositories", "{15A8A021-E996-4CAD-8BC5-FF82099804E0}"
	ProjectSection(SolutionItems) = preProject
		templates\Repositories\ITemplatedRepository.cstemplate = templates\Repositories\ITemplatedRepository.cstemplate
		templates\Repositories\TemplatedRepository.cstemplate = templates\Repositories\TemplatedRepository.cstemplate
	EndProjectSection
EndProject
Project("{2150E333-8FDC-42A3-9474-1A3956D46DE8}") = "Services", "Services", "{01261B82-FC90-4DCD-BA96-10CC999DD442}"
	ProjectSection(SolutionItems) = preProject
		templates\Services\ITemplatedService.cstemplate = templates\Services\ITemplatedService.cstemplate
		templates\Contracts\TemplatedMapperProfile.cstemplate = templates\Contracts\TemplatedMapperProfile.cstemplate
		templates\Services\TemplatedService.cstemplate = templates\Services\TemplatedService.cstemplate
	EndProjectSection
EndProject
Project("{2150E333-8FDC-42A3-9474-1A3956D46DE8}") = "Contracts", "Contracts", "{1C2E8820-1963-418D-82FD-AAFB8F0AFF7A}"
	ProjectSection(SolutionItems) = preProject
		templates\Contracts\TemplatedCreateRequest.cstemplate = templates\Contracts\TemplatedCreateRequest.cstemplate
		templates\Contracts\TemplatedResponse.cstemplate = templates\Contracts\TemplatedResponse.cstemplate
	EndProjectSection
EndProject
Project("{2150E333-8FDC-42A3-9474-1A3956D46DE8}") = "Api", "Api", "{B6C08A4D-3572-4DA3-94A2-04F3473A762C}"
	ProjectSection(SolutionItems) = preProject
		templates\Api\StartupExtensions.cstemplate = templates\Api\StartupExtensions.cstemplate
		templates\Api\TemplatedController.cstemplate = templates\Api\TemplatedController.cstemplate
	EndProjectSection
EndProject
Global
	GlobalSection(SolutionConfigurationPlatforms) = preSolution
		Debug|Any CPU = Debug|Any CPU
		Release|Any CPU = Release|Any CPU
	EndGlobalSection
	GlobalSection(ProjectConfigurationPlatforms) = postSolution
		{C069B302-612A-4F76-9185-F46163AA4B19}.Debug|Any CPU.ActiveCfg = Debug|Any CPU
		{C069B302-612A-4F76-9185-F46163AA4B19}.Debug|Any CPU.Build.0 = Debug|Any CPU
		{C069B302-612A-4F76-9185-F46163AA4B19}.Release|Any CPU.ActiveCfg = Release|Any CPU
		{C069B302-612A-4F76-9185-F46163AA4B19}.Release|Any CPU.Build.0 = Release|Any CPU
	EndGlobalSection
	GlobalSection(SolutionProperties) = preSolution
		HideSolutionNode = FALSE
	EndGlobalSection
	GlobalSection(NestedProjects) = preSolution
		{C069B302-612A-4F76-9185-F46163AA4B19} = {8D403989-3E83-4B42-9685-00B8EA9BCAE7}
		{15A8A021-E996-4CAD-8BC5-FF82099804E0} = {98C3FE04-05E7-42B8-BC66-41FD970B4BD4}
		{01261B82-FC90-4DCD-BA96-10CC999DD442} = {98C3FE04-05E7-42B8-BC66-41FD970B4BD4}
		{1C2E8820-1963-418D-82FD-AAFB8F0AFF7A} = {98C3FE04-05E7-42B8-BC66-41FD970B4BD4}
		{B6C08A4D-3572-4DA3-94A2-04F3473A762C} = {98C3FE04-05E7-42B8-BC66-41FD970B4BD4}
	EndGlobalSection
	GlobalSection(ExtensibilityGlobals) = postSolution
		SolutionGuid = {5DE9CF69-7055-4E88-97F2-74916A8E9352}
	EndGlobalSection
EndGlobal
